
Microsoft Visual Studio Solution File, Format Version 12.00
# Visual Studio Version 16
VisualStudioVersion = 16.0.30517.126
MinimumVisualStudioVersion = 10.0.40219.1
Project("{FAE04EC0-301F-11D3-BF4B-00C04F79EFBC}") = "Siena", "Siena\Siena.csproj", "{BC7BF505-D09B-4422-A8E5-74DB8C951DAA}"
EndProject
Global
	GlobalSection(SolutionConfigurationPlatforms) = preSolution
		Debug|Any CPU = Debug|Any CPU
		Release|Any CPU = Release|Any CPU
	EndGlobalSection
	GlobalSection(ProjectConfigurationPlatforms) = postSolution
		{BC7BF505-D09B-4422-A8E5-74DB8C951DAA}.Debug|Any CPU.ActiveCfg = Debug|Any CPU
		{BC7BF505-D09B-4422-A8E5-74DB8C951DAA}.Debug|Any CPU.Build.0 = Debug|Any CPU
		{BC7BF505-D09B-4422-A8E5-74DB8C951DAA}.Release|Any CPU.ActiveCfg = Release|Any CPU
		{BC7BF505-D09B-4422-A8E5-74DB8C951DAA}.Release|Any CPU.Build.0 = Release|Any CPU
	EndGlobalSection
	GlobalSection(SolutionProperties) = preSolution
		HideSolutionNode = FALSE
	EndGlobalSection
	GlobalSection(ExtensibilityGlobals) = postSolution
		SolutionGuid = {363EC8C0-4F91-4DFB-9B45-A238FB46BD1D}
	EndGlobalSection
EndGlobal
